<?xml version="1.0" encoding="utf-8"?>
<Project ToolsVersion="4.0" xmlns="http://schemas.microsoft.com/developer/msbuild/2003">
  <ItemGroup>
    <Filter Include="Source Files">
      <UniqueIdentifier>{4FC737F1-C7A5-4376-A066-2A32D752A2FF}</UniqueIdentifier>
      <Extensions>cpp;c;cc;cxx;c++;cppm;ixx;def;odl;idl;hpj;bat;asm;asmx</Extensions>
    </Filter>
    <Filter Include="Header Files">
      <UniqueIdentifier>{93995380-89BD-4b04-88EB-625FBE52EBFB}</UniqueIdentifier>
      <Extensions>h;hh;hpp;hxx;h++;hm;inl;inc;ipp;xsd</Extensions>
    </Filter>
    <Filter Include="Resource Files">
      <UniqueIdentifier>{67DA6AB6-F800-4c08-8B7A-83BB121AAD01}</UniqueIdentifier>
      <Extensions>rc;ico;cur;bmp;dlg;rc2;rct;bin;rgs;gif;jpg;jpeg;jpe;resx;tiff;tif;png;wav;mfcribbon-ms</Extensions>
    </Filter>
    <Filter Include="Source Files\utils">
      <UniqueIdentifier>{a88fff4f-a490-49e8-b117-35964c6d5084}</UniqueIdentifier>
    </Filter>
    <Filter Include="Source Files\utils\bypasses">
      <UniqueIdentifier>{1907efda-0ec9-4a91-b9dc-494dcde6d09b}</UniqueIdentifier>
    </Filter>
    <Filter Include="Source Files\utils\bypasses\memcheck">
      <UniqueIdentifier>{7947f8d9-5c39-48f0-8c08-820497ca5b20}</UniqueIdentifier>
    </Filter>
    <Filter Include="Source Files\utils\handlers">
      <UniqueIdentifier>{916e3b2e-1c55-42af-b8be-b262d15150df}</UniqueIdentifier>
    </Filter>
    <Filter Include="Source Files\utils\offsets">
      <UniqueIdentifier>{ecb98bfc-cac9-4b91-be1f-5b3a7d19472b}</UniqueIdentifier>
    </Filter>
  </ItemGroup>
  <ItemGroup>
    <ClCompile Include="dllmain.cpp">
      <Filter>Source Files</Filter>
    </ClCompile>
    <ClCompile Include="utils\utils.cpp">
      <Filter>Source Files\utils</Filter>
    </ClCompile>
    <ClCompile Include="utils\handlers\arg_handlers.cpp">
      <Filter>Source Files\utils\handlers</Filter>
    </ClCompile>
  </ItemGroup>
  <ItemGroup>
    <ClInclude Include="utils\utils.hpp">
      <Filter>Source Files\utils</Filter>
    </ClInclude>
    <ClInclude Include="utils\bypasses\memcheck\memcheck.hpp">
      <Filter>Source Files\utils\bypasses\memcheck</Filter>
    </ClInclude>
    <ClInclude Include="utils\offsets\offsets.hpp">
      <Filter>Source Files\utils\offsets</Filter>
    </ClInclude>
    <ClInclude Include="utils\handlers\arg_handlers.hpp">
      <Filter>Header Files</Filter>
    </ClInclude>
  </ItemGroup>
</Project>