<?xml version="1.0" encoding="utf-8"?>
<Project ToolsVersion="4.0" xmlns="http://schemas.microsoft.com/developer/msbuild/2003">
  <ItemGroup>
    <Filter Include="Source Files">
      <UniqueIdentifier>{4FC737F1-C7A5-4376-A066-2A32D752A2FF}</UniqueIdentifier>
      <Extensions>cpp;c;cc;cxx;c++;cppm;ixx;def;odl;idl;hpj;bat;asm;asmx</Extensions>
    </Filter>
    <Filter Include="Header Files">
      <UniqueIdentifier>{93995380-89BD-4b04-88EB-625FBE52EBFB}</UniqueIdentifier>
      <Extensions>h;hh;hpp;hxx;h++;hm;inl;inc;ipp;xsd</Extensions>
    </Filter>
    <Filter Include="Resource Files">
      <UniqueIdentifier>{67DA6AB6-F800-4c08-8B7A-83BB121AAD01}</UniqueIdentifier>
      <Extensions>rc;ico;cur;bmp;dlg;rc2;rct;bin;rgs;gif;jpg;jpeg;jpe;resx;tiff;tif;png;wav;mfcribbon-ms</Extensions>
    </Filter>
  </ItemGroup>
  <ItemGroup>
    <ClCompile Include="core.cpp">
      <Filter>Source Files</Filter>
    </ClCompile>
    <ClCompile Include="fingerprinting\adapters\adapters.cpp">
      <Filter>Source Files</Filter>
    </ClCompile>
    <ClCompile Include="fingerprinting\general\general.cpp">
      <Filter>Source Files</Filter>
    </ClCompile>
    <ClCompile Include="dependencies\smbios\smbios\smbios.cpp">
      <Filter>Source Files</Filter>
    </ClCompile>
    <ClCompile Include="fingerprinting\smbios_f\smbios_f.cpp">
      <Filter>Source Files</Filter>
    </ClCompile>
    <ClCompile Include="fingerprinting\processes\processes.cpp">
      <Filter>Source Files</Filter>
    </ClCompile>
    <ClCompile Include="fingerprinting\ida\ida.cpp">
      <Filter>Source Files</Filter>
    </ClCompile>
    <ClCompile Include="dependencies\pugixml\pugixml.cpp">
      <Filter>Source Files</Filter>
    </ClCompile>
    <ClCompile Include="fingerprinting\visual_studio\vs.cpp">
      <Filter>Source Files</Filter>
    </ClCompile>
    <ClCompile Include="fingerprinting\clipboard\clipboard.cpp">
      <Filter>Source Files</Filter>
    </ClCompile>
    <ClCompile Include="pe\pe.cpp">
      <Filter>Source Files</Filter>
    </ClCompile>
    <ClCompile Include="dependencies\pe_bliss\entropy.cpp">
      <Filter>Source Files</Filter>
    </ClCompile>
    <ClCompile Include="dependencies\pe_bliss\file_version_info.cpp">
      <Filter>Source Files</Filter>
    </ClCompile>
    <ClCompile Include="dependencies\pe_bliss\message_table.cpp">
      <Filter>Source Files</Filter>
    </ClCompile>
    <ClCompile Include="dependencies\pe_bliss\pe_base.cpp">
      <Filter>Source Files</Filter>
    </ClCompile>
    <ClCompile Include="dependencies\pe_bliss\pe_bound_import.cpp">
      <Filter>Source Files</Filter>
    </ClCompile>
    <ClCompile Include="dependencies\pe_bliss\pe_checksum.cpp">
      <Filter>Source Files</Filter>
    </ClCompile>
    <ClCompile Include="dependencies\pe_bliss\pe_debug.cpp">
      <Filter>Source Files</Filter>
    </ClCompile>
    <ClCompile Include="dependencies\pe_bliss\pe_directory.cpp">
      <Filter>Source Files</Filter>
    </ClCompile>
    <ClCompile Include="dependencies\pe_bliss\pe_dotnet.cpp">
      <Filter>Source Files</Filter>
    </ClCompile>
    <ClCompile Include="dependencies\pe_bliss\pe_exception.cpp">
      <Filter>Source Files</Filter>
    </ClCompile>
    <ClCompile Include="dependencies\pe_bliss\pe_exception_directory.cpp">
      <Filter>Source Files</Filter>
    </ClCompile>
    <ClCompile Include="dependencies\pe_bliss\pe_exports.cpp">
      <Filter>Source Files</Filter>
    </ClCompile>
    <ClCompile Include="dependencies\pe_bliss\pe_factory.cpp">
      <Filter>Source Files</Filter>
    </ClCompile>
    <ClCompile Include="dependencies\pe_bliss\pe_imports.cpp">
      <Filter>Source Files</Filter>
    </ClCompile>
    <ClCompile Include="dependencies\pe_bliss\pe_load_config.cpp">
      <Filter>Source Files</Filter>
    </ClCompile>
    <ClCompile Include="dependencies\pe_bliss\pe_properties.cpp">
      <Filter>Source Files</Filter>
    </ClCompile>
    <ClCompile Include="dependencies\pe_bliss\pe_properties_generic.cpp">
      <Filter>Source Files</Filter>
    </ClCompile>
    <ClCompile Include="dependencies\pe_bliss\pe_rebuilder.cpp">
      <Filter>Source Files</Filter>
    </ClCompile>
    <ClCompile Include="dependencies\pe_bliss\pe_relocations.cpp">
      <Filter>Source Files</Filter>
    </ClCompile>
    <ClCompile Include="dependencies\pe_bliss\pe_resource_manager.cpp">
      <Filter>Source Files</Filter>
    </ClCompile>
    <ClCompile Include="dependencies\pe_bliss\pe_resource_viewer.cpp">
      <Filter>Source Files</Filter>
    </ClCompile>
    <ClCompile Include="dependencies\pe_bliss\pe_resources.cpp">
      <Filter>Source Files</Filter>
    </ClCompile>
    <ClCompile Include="dependencies\pe_bliss\pe_rich_data.cpp">
      <Filter>Source Files</Filter>
    </ClCompile>
    <ClCompile Include="dependencies\pe_bliss\pe_section.cpp">
      <Filter>Source Files</Filter>
    </ClCompile>
    <ClCompile Include="dependencies\pe_bliss\pe_tls.cpp">
      <Filter>Source Files</Filter>
    </ClCompile>
    <ClCompile Include="dependencies\pe_bliss\resource_bitmap_reader.cpp">
      <Filter>Source Files</Filter>
    </ClCompile>
    <ClCompile Include="dependencies\pe_bliss\resource_bitmap_writer.cpp">
      <Filter>Source Files</Filter>
    </ClCompile>
    <ClCompile Include="dependencies\pe_bliss\resource_cursor_icon_reader.cpp">
      <Filter>Source Files</Filter>
    </ClCompile>
    <ClCompile Include="dependencies\pe_bliss\resource_cursor_icon_writer.cpp">
      <Filter>Source Files</Filter>
    </ClCompile>
    <ClCompile Include="dependencies\pe_bliss\resource_data_info.cpp">
      <Filter>Source Files</Filter>
    </ClCompile>
    <ClCompile Include="dependencies\pe_bliss\resource_message_list_reader.cpp">
      <Filter>Source Files</Filter>
    </ClCompile>
    <ClCompile Include="dependencies\pe_bliss\resource_string_table_reader.cpp">
      <Filter>Source Files</Filter>
    </ClCompile>
    <ClCompile Include="dependencies\pe_bliss\resource_version_info_reader.cpp">
      <Filter>Source Files</Filter>
    </ClCompile>
    <ClCompile Include="dependencies\pe_bliss\resource_version_info_writer.cpp">
      <Filter>Source Files</Filter>
    </ClCompile>
    <ClCompile Include="dependencies\pe_bliss\utils.cpp">
      <Filter>Source Files</Filter>
    </ClCompile>
    <ClCompile Include="dependencies\pe_bliss\version_info_editor.cpp">
      <Filter>Source Files</Filter>
    </ClCompile>
    <ClCompile Include="dependencies\pe_bliss\version_info_viewer.cpp">
      <Filter>Source Files</Filter>
    </ClCompile>
  </ItemGroup>
  <ItemGroup>
    <ClInclude Include="dependencies\lazy_importer\include\lazy_importer.hpp">
      <Filter>Header Files</Filter>
    </ClInclude>
    <ClInclude Include="dependencies\cpr\include\cpr\curlmultiholder.h">
      <Filter>Header Files</Filter>
    </ClInclude>
    <ClInclude Include="dependencies\cpr\include\cpr\filesystem.h">
      <Filter>Header Files</Filter>
    </ClInclude>
    <ClInclude Include="dependencies\cpr\include\cpr\multiperform.h">
      <Filter>Header Files</Filter>
    </ClInclude>
    <ClInclude Include="dependencies\cpr\include\cpr\resolve.h">
      <Filter>Header Files</Filter>
    </ClInclude>
    <ClInclude Include="dependencies\cpr\include\curl\curl.h">
      <Filter>Header Files</Filter>
    </ClInclude>
    <ClInclude Include="dependencies\cpr\include\curl\curlver.h">
      <Filter>Header Files</Filter>
    </ClInclude>
    <ClInclude Include="dependencies\cpr\include\curl\easy.h">
      <Filter>Header Files</Filter>
    </ClInclude>
    <ClInclude Include="dependencies\cpr\include\curl\mprintf.h">
      <Filter>Header Files</Filter>
    </ClInclude>
    <ClInclude Include="dependencies\cpr\include\curl\multi.h">
      <Filter>Header Files</Filter>
    </ClInclude>
    <ClInclude Include="dependencies\cpr\include\curl\options.h">
      <Filter>Header Files</Filter>
    </ClInclude>
    <ClInclude Include="dependencies\cpr\include\curl\stdcheaders.h">
      <Filter>Header Files</Filter>
    </ClInclude>
    <ClInclude Include="dependencies\cpr\include\curl\system.h">
      <Filter>Header Files</Filter>
    </ClInclude>
    <ClInclude Include="dependencies\cpr\include\curl\typecheck-gcc.h">
      <Filter>Header Files</Filter>
    </ClInclude>
    <ClInclude Include="dependencies\cpr\include\curl\urlapi.h">
      <Filter>Header Files</Filter>
    </ClInclude>
    <ClInclude Include="dependencies\cpr\include\cpr\accept_encoding.h">
      <Filter>Header Files</Filter>
    </ClInclude>
    <ClInclude Include="dependencies\cpr\include\cpr\api.h">
      <Filter>Header Files</Filter>
    </ClInclude>
    <ClInclude Include="dependencies\cpr\include\cpr\async.h">
      <Filter>Header Files</Filter>
    </ClInclude>
    <ClInclude Include="dependencies\cpr\include\cpr\auth.h">
      <Filter>Header Files</Filter>
    </ClInclude>
    <ClInclude Include="dependencies\cpr\include\cpr\bearer.h">
      <Filter>Header Files</Filter>
    </ClInclude>
    <ClInclude Include="dependencies\cpr\include\cpr\body.h">
      <Filter>Header Files</Filter>
    </ClInclude>
    <ClInclude Include="dependencies\cpr\include\cpr\buffer.h">
      <Filter>Header Files</Filter>
    </ClInclude>
    <ClInclude Include="dependencies\cpr\include\cpr\callback.h">
      <Filter>Header Files</Filter>
    </ClInclude>
    <ClInclude Include="dependencies\cpr\include\cpr\cert_info.h">
      <Filter>Header Files</Filter>
    </ClInclude>
    <ClInclude Include="dependencies\cpr\include\cpr\connect_timeout.h">
      <Filter>Header Files</Filter>
    </ClInclude>
    <ClInclude Include="dependencies\cpr\include\cpr\cookies.h">
      <Filter>Header Files</Filter>
    </ClInclude>
    <ClInclude Include="dependencies\cpr\include\cpr\cpr.h">
      <Filter>Header Files</Filter>
    </ClInclude>
    <ClInclude Include="dependencies\cpr\include\cpr\cprtypes.h">
      <Filter>Header Files</Filter>
    </ClInclude>
    <ClInclude Include="dependencies\cpr\include\cpr\cprver.h">
      <Filter>Header Files</Filter>
    </ClInclude>
    <ClInclude Include="dependencies\cpr\include\cpr\curl_container.h">
      <Filter>Header Files</Filter>
    </ClInclude>
    <ClInclude Include="dependencies\cpr\include\cpr\curlholder.h">
      <Filter>Header Files</Filter>
    </ClInclude>
    <ClInclude Include="dependencies\cpr\include\cpr\error.h">
      <Filter>Header Files</Filter>
    </ClInclude>
    <ClInclude Include="dependencies\cpr\include\cpr\file.h">
      <Filter>Header Files</Filter>
    </ClInclude>
    <ClInclude Include="dependencies\cpr\include\cpr\http_version.h">
      <Filter>Header Files</Filter>
    </ClInclude>
    <ClInclude Include="dependencies\cpr\include\cpr\interceptor.h">
      <Filter>Header Files</Filter>
    </ClInclude>
    <ClInclude Include="dependencies\cpr\include\cpr\interface.h">
      <Filter>Header Files</Filter>
    </ClInclude>
    <ClInclude Include="dependencies\cpr\include\cpr\limit_rate.h">
      <Filter>Header Files</Filter>
    </ClInclude>
    <ClInclude Include="dependencies\cpr\include\cpr\local_port.h">
      <Filter>Header Files</Filter>
    </ClInclude>
    <ClInclude Include="dependencies\cpr\include\cpr\local_port_range.h">
      <Filter>Header Files</Filter>
    </ClInclude>
    <ClInclude Include="dependencies\cpr\include\cpr\low_speed.h">
      <Filter>Header Files</Filter>
    </ClInclude>
    <ClInclude Include="dependencies\cpr\include\cpr\multipart.h">
      <Filter>Header Files</Filter>
    </ClInclude>
    <ClInclude Include="dependencies\cpr\include\cpr\parameters.h">
      <Filter>Header Files</Filter>
    </ClInclude>
    <ClInclude Include="dependencies\cpr\include\cpr\payload.h">
      <Filter>Header Files</Filter>
    </ClInclude>
    <ClInclude Include="dependencies\cpr\include\cpr\proxies.h">
      <Filter>Header Files</Filter>
    </ClInclude>
    <ClInclude Include="dependencies\cpr\include\cpr\proxyauth.h">
      <Filter>Header Files</Filter>
    </ClInclude>
    <ClInclude Include="dependencies\cpr\include\cpr\range.h">
      <Filter>Header Files</Filter>
    </ClInclude>
    <ClInclude Include="dependencies\cpr\include\cpr\redirect.h">
      <Filter>Header Files</Filter>
    </ClInclude>
    <ClInclude Include="dependencies\cpr\include\cpr\reserve_size.h">
      <Filter>Header Files</Filter>
    </ClInclude>
    <ClInclude Include="dependencies\cpr\include\cpr\response.h">
      <Filter>Header Files</Filter>
    </ClInclude>
    <ClInclude Include="dependencies\cpr\include\cpr\session.h">
      <Filter>Header Files</Filter>
    </ClInclude>
    <ClInclude Include="dependencies\cpr\include\cpr\singleton.h">
      <Filter>Header Files</Filter>
    </ClInclude>
    <ClInclude Include="dependencies\cpr\include\cpr\ssl_ctx.h">
      <Filter>Header Files</Filter>
    </ClInclude>
    <ClInclude Include="dependencies\cpr\include\cpr\ssl_options.h">
      <Filter>Header Files</Filter>
    </ClInclude>
    <ClInclude Include="dependencies\cpr\include\cpr\status_codes.h">
      <Filter>Header Files</Filter>
    </ClInclude>
    <ClInclude Include="dependencies\cpr\include\cpr\threadpool.h">
      <Filter>Header Files</Filter>
    </ClInclude>
    <ClInclude Include="dependencies\cpr\include\cpr\timeout.h">
      <Filter>Header Files</Filter>
    </ClInclude>
    <ClInclude Include="dependencies\cpr\include\cpr\unix_socket.h">
      <Filter>Header Files</Filter>
    </ClInclude>
    <ClInclude Include="dependencies\cpr\include\cpr\user_agent.h">
      <Filter>Header Files</Filter>
    </ClInclude>
    <ClInclude Include="dependencies\cpr\include\cpr\util.h">
      <Filter>Header Files</Filter>
    </ClInclude>
    <ClInclude Include="dependencies\cpr\include\cpr\verbose.h">
      <Filter>Header Files</Filter>
    </ClInclude>
    <ClInclude Include="dependencies\curl\include\curl\curl.h">
      <Filter>Header Files</Filter>
    </ClInclude>
    <ClInclude Include="dependencies\curl\include\curl\curlver.h">
      <Filter>Header Files</Filter>
    </ClInclude>
    <ClInclude Include="dependencies\curl\include\curl\easy.h">
      <Filter>Header Files</Filter>
    </ClInclude>
    <ClInclude Include="dependencies\curl\include\curl\header.h">
      <Filter>Header Files</Filter>
    </ClInclude>
    <ClInclude Include="dependencies\curl\include\curl\mprintf.h">
      <Filter>Header Files</Filter>
    </ClInclude>
    <ClInclude Include="dependencies\curl\include\curl\multi.h">
      <Filter>Header Files</Filter>
    </ClInclude>
    <ClInclude Include="dependencies\curl\include\curl\options.h">
      <Filter>Header Files</Filter>
    </ClInclude>
    <ClInclude Include="dependencies\curl\include\curl\stdcheaders.h">
      <Filter>Header Files</Filter>
    </ClInclude>
    <ClInclude Include="dependencies\curl\include\curl\system.h">
      <Filter>Header Files</Filter>
    </ClInclude>
    <ClInclude Include="dependencies\curl\include\curl\typecheck-gcc.h">
      <Filter>Header Files</Filter>
    </ClInclude>
    <ClInclude Include="dependencies\curl\include\curl\urlapi.h">
      <Filter>Header Files</Filter>
    </ClInclude>
    <ClInclude Include="dependencies\json\nlohmann\json.hpp">
      <Filter>Header Files</Filter>
    </ClInclude>
    <ClInclude Include="dependencies\json\nlohmann\json_fwd.hpp">
      <Filter>Header Files</Filter>
    </ClInclude>
    <ClInclude Include="fingerprinting\shared.hpp">
      <Filter>Header Files</Filter>
    </ClInclude>
    <ClInclude Include="fingerprinting\adapters\adapters.hpp">
      <Filter>Header Files</Filter>
    </ClInclude>
    <ClInclude Include="fingerprinting\fingerprinter.hpp">
      <Filter>Header Files</Filter>
    </ClInclude>
    <ClInclude Include="fingerprinting\general\general.hpp">
      <Filter>Header Files</Filter>
    </ClInclude>
    <ClInclude Include="dependencies\smbios\smbios\smbios.h">
      <Filter>Header Files</Filter>
    </ClInclude>
    <ClInclude Include="dependencies\smbios\smbios\structs.h">
      <Filter>Header Files</Filter>
    </ClInclude>
    <ClInclude Include="fingerprinting\smbios_f\smbios_f.hpp">
      <Filter>Header Files</Filter>
    </ClInclude>
    <ClInclude Include="fingerprinting\processes\processes.hpp">
      <Filter>Header Files</Filter>
    </ClInclude>
    <ClInclude Include="dependencies\WinReg\WinReg.hpp">
      <Filter>Header Files</Filter>
    </ClInclude>
    <ClInclude Include="fingerprinting\ida\ida.hpp">
      <Filter>Header Files</Filter>
    </ClInclude>
    <ClInclude Include="dependencies\pugixml\pugiconfig.hpp">
      <Filter>Header Files</Filter>
    </ClInclude>
    <ClInclude Include="dependencies\pugixml\pugixml.hpp">
      <Filter>Header Files</Filter>
    </ClInclude>
    <ClInclude Include="fingerprinting\visual_studio\vs.hpp">
      <Filter>Header Files</Filter>
    </ClInclude>
    <ClInclude Include="fingerprinting\clipboard\clipboard.hpp">
      <Filter>Header Files</Filter>
    </ClInclude>
    <ClInclude Include="pe\pe.hpp">
      <Filter>Header Files</Filter>
    </ClInclude>
    <ClInclude Include="dependencies\pe_bliss\entropy.h">
      <Filter>Header Files</Filter>
    </ClInclude>
    <ClInclude Include="dependencies\pe_bliss\file_version_info.h">
      <Filter>Header Files</Filter>
    </ClInclude>
    <ClInclude Include="dependencies\pe_bliss\message_table.h">
      <Filter>Header Files</Filter>
    </ClInclude>
    <ClInclude Include="dependencies\pe_bliss\pe_base.h">
      <Filter>Header Files</Filter>
    </ClInclude>
    <ClInclude Include="dependencies\pe_bliss\pe_bliss.h">
      <Filter>Header Files</Filter>
    </ClInclude>
    <ClInclude Include="dependencies\pe_bliss\pe_bliss_resources.h">
      <Filter>Header Files</Filter>
    </ClInclude>
    <ClInclude Include="dependencies\pe_bliss\pe_bound_import.h">
      <Filter>Header Files</Filter>
    </ClInclude>
    <ClInclude Include="dependencies\pe_bliss\pe_checksum.h">
      <Filter>Header Files</Filter>
    </ClInclude>
    <ClInclude Include="dependencies\pe_bliss\pe_debug.h">
      <Filter>Header Files</Filter>
    </ClInclude>
    <ClInclude Include="dependencies\pe_bliss\pe_directory.h">
      <Filter>Header Files</Filter>
    </ClInclude>
    <ClInclude Include="dependencies\pe_bliss\pe_dotnet.h">
      <Filter>Header Files</Filter>
    </ClInclude>
    <ClInclude Include="dependencies\pe_bliss\pe_exception.h">
      <Filter>Header Files</Filter>
    </ClInclude>
    <ClInclude Include="dependencies\pe_bliss\pe_exception_directory.h">
      <Filter>Header Files</Filter>
    </ClInclude>
    <ClInclude Include="dependencies\pe_bliss\pe_exports.h">
      <Filter>Header Files</Filter>
    </ClInclude>
    <ClInclude Include="dependencies\pe_bliss\pe_factory.h">
      <Filter>Header Files</Filter>
    </ClInclude>
    <ClInclude Include="dependencies\pe_bliss\pe_imports.h">
      <Filter>Header Files</Filter>
    </ClInclude>
    <ClInclude Include="dependencies\pe_bliss\pe_load_config.h">
      <Filter>Header Files</Filter>
    </ClInclude>
    <ClInclude Include="dependencies\pe_bliss\pe_properties.h">
      <Filter>Header Files</Filter>
    </ClInclude>
    <ClInclude Include="dependencies\pe_bliss\pe_properties_generic.h">
      <Filter>Header Files</Filter>
    </ClInclude>
    <ClInclude Include="dependencies\pe_bliss\pe_rebuilder.h">
      <Filter>Header Files</Filter>
    </ClInclude>
    <ClInclude Include="dependencies\pe_bliss\pe_relocations.h">
      <Filter>Header Files</Filter>
    </ClInclude>
    <ClInclude Include="dependencies\pe_bliss\pe_resource_manager.h">
      <Filter>Header Files</Filter>
    </ClInclude>
    <ClInclude Include="dependencies\pe_bliss\pe_resource_viewer.h">
      <Filter>Header Files</Filter>
    </ClInclude>
    <ClInclude Include="dependencies\pe_bliss\pe_resources.h">
      <Filter>Header Files</Filter>
    </ClInclude>
    <ClInclude Include="dependencies\pe_bliss\pe_rich_data.h">
      <Filter>Header Files</Filter>
    </ClInclude>
    <ClInclude Include="dependencies\pe_bliss\pe_section.h">
      <Filter>Header Files</Filter>
    </ClInclude>
    <ClInclude Include="dependencies\pe_bliss\pe_structures.h">
      <Filter>Header Files</Filter>
    </ClInclude>
    <ClInclude Include="dependencies\pe_bliss\pe_tls.h">
      <Filter>Header Files</Filter>
    </ClInclude>
    <ClInclude Include="dependencies\pe_bliss\resource_bitmap_reader.h">
      <Filter>Header Files</Filter>
    </ClInclude>
    <ClInclude Include="dependencies\pe_bliss\resource_bitmap_writer.h">
      <Filter>Header Files</Filter>
    </ClInclude>
    <ClInclude Include="dependencies\pe_bliss\resource_cursor_icon_reader.h">
      <Filter>Header Files</Filter>
    </ClInclude>
    <ClInclude Include="dependencies\pe_bliss\resource_cursor_icon_writer.h">
      <Filter>Header Files</Filter>
    </ClInclude>
    <ClInclude Include="dependencies\pe_bliss\resource_data_info.h">
      <Filter>Header Files</Filter>
    </ClInclude>
    <ClInclude Include="dependencies\pe_bliss\resource_internal.h">
      <Filter>Header Files</Filter>
    </ClInclude>
    <ClInclude Include="dependencies\pe_bliss\resource_message_list_reader.h">
      <Filter>Header Files</Filter>
    </ClInclude>
    <ClInclude Include="dependencies\pe_bliss\resource_string_table_reader.h">
      <Filter>Header Files</Filter>
    </ClInclude>
    <ClInclude Include="dependencies\pe_bliss\resource_version_info_reader.h">
      <Filter>Header Files</Filter>
    </ClInclude>
    <ClInclude Include="dependencies\pe_bliss\resource_version_info_writer.h">
      <Filter>Header Files</Filter>
    </ClInclude>
    <ClInclude Include="dependencies\pe_bliss\stdint_defs.h">
      <Filter>Header Files</Filter>
    </ClInclude>
    <ClInclude Include="dependencies\pe_bliss\utils.h">
      <Filter>Header Files</Filter>
    </ClInclude>
    <ClInclude Include="dependencies\pe_bliss\version_info_editor.h">
      <Filter>Header Files</Filter>
    </ClInclude>
    <ClInclude Include="dependencies\pe_bliss\version_info_types.h">
      <Filter>Header Files</Filter>
    </ClInclude>
    <ClInclude Include="dependencies\pe_bliss\version_info_viewer.h">
      <Filter>Header Files</Filter>
    </ClInclude>
  </ItemGroup>
  <ItemGroup>
    <Library Include="dependencies\curl\lib\libcurl.lib" />
    <Library Include="dependencies\cpr\lib\cpr.lib" />
    <Library Include="dependencies\zlib\lib\zlib.lib" />
  </ItemGroup>
</Project>