<?xml version="1.0" encoding="utf-8"?>
<Project ToolsVersion="4.0" xmlns="http://schemas.microsoft.com/developer/msbuild/2003">
  <ItemGroup>
    <Filter Include="Source">
      <UniqueIdentifier>{4FC737F1-C7A5-4376-A066-2A32D752A2FF}</UniqueIdentifier>
      <Extensions>cpp;c;cc;cxx;c++;cppm;ixx;def;odl;idl;hpj;bat;asm;asmx</Extensions>
    </Filter>
    <Filter Include="Headers">
      <UniqueIdentifier>{93995380-89BD-4b04-88EB-625FBE52EBFB}</UniqueIdentifier>
      <Extensions>h;hh;hpp;hxx;h++;hm;inl;inc;ipp;xsd</Extensions>
    </Filter>
    <Filter Include="Resources">
      <UniqueIdentifier>{67DA6AB6-F800-4c08-8B7A-83BB121AAD01}</UniqueIdentifier>
      <Extensions>rc;ico;cur;bmp;dlg;rc2;rct;bin;rgs;gif;jpg;jpeg;jpe;resx;tiff;tif;png;wav;mfcribbon-ms</Extensions>
    </Filter>
    <Filter Include="Resources\Compiler">
      <UniqueIdentifier>{8d7e2294-e79a-42cc-9885-a140a63cce8b}</UniqueIdentifier>
    </Filter>
    <Filter Include="Resources\Compiler\include">
      <UniqueIdentifier>{004fcfa0-5a3b-4465-b52a-c536df398239}</UniqueIdentifier>
    </Filter>
    <Filter Include="Resources\Compiler\source">
      <UniqueIdentifier>{f07be0a0-c81c-429e-a502-65f8ec0615ed}</UniqueIdentifier>
    </Filter>
    <Filter Include="Resources\Luau">
      <UniqueIdentifier>{e0f223a9-5cd5-4202-866d-fe7dcde9ac37}</UniqueIdentifier>
    </Filter>
    <Filter Include="Resources\Compressor">
      <UniqueIdentifier>{7eca8eac-ac83-4ae6-b9fb-b37ddaebad12}</UniqueIdentifier>
    </Filter>
    <Filter Include="Resources\Compressor\library">
      <UniqueIdentifier>{d196f680-f131-4b0c-9381-f260d5847e97}</UniqueIdentifier>
    </Filter>
    <Filter Include="Resources\Compressor\include">
      <UniqueIdentifier>{477ad6c4-4c27-41b7-a694-551202d90dca}</UniqueIdentifier>
    </Filter>
  </ItemGroup>
  <ItemGroup>
    <ClInclude Include="Crypt.h">
      <Filter>Headers</Filter>
    </ClInclude>
    <ClInclude Include="Enviroment.hpp">
      <Filter>Headers</Filter>
    </ClInclude>
    <ClInclude Include="Execution.hpp">
      <Filter>Headers</Filter>
    </ClInclude>
    <ClInclude Include="LuaInit.hpp">
      <Filter>Headers</Filter>
    </ClInclude>
    <ClInclude Include="Roblox.hpp">
      <Filter>Headers</Filter>
    </ClInclude>
    <ClInclude Include="Utils.hpp">
      <Filter>Headers</Filter>
    </ClInclude>
    <ClInclude Include="Compiler\include\Ast.h">
      <Filter>Resources\Compiler\include</Filter>
    </ClInclude>
    <ClInclude Include="Compiler\include\Bytecode.h">
      <Filter>Resources\Compiler\include</Filter>
    </ClInclude>
    <ClInclude Include="Compiler\include\BytecodeBuilder.h">
      <Filter>Resources\Compiler\include</Filter>
    </ClInclude>
    <ClInclude Include="Compiler\include\BytecodeUtils.h">
      <Filter>Resources\Compiler\include</Filter>
    </ClInclude>
    <ClInclude Include="Compiler\include\Common.h">
      <Filter>Resources\Compiler\include</Filter>
    </ClInclude>
    <ClInclude Include="Compiler\include\Compiler.h">
      <Filter>Resources\Compiler\include</Filter>
    </ClInclude>
    <ClInclude Include="Compiler\include\Confusables.h">
      <Filter>Resources\Compiler\include</Filter>
    </ClInclude>
    <ClInclude Include="Compiler\include\DenseHash.h">
      <Filter>Resources\Compiler\include</Filter>
    </ClInclude>
    <ClInclude Include="Compiler\include\ExperimentalFlags.h">
      <Filter>Resources\Compiler\include</Filter>
    </ClInclude>
    <ClInclude Include="Compiler\include\Lexer.h">
      <Filter>Resources\Compiler\include</Filter>
    </ClInclude>
    <ClInclude Include="Compiler\include\Location.h">
      <Filter>Resources\Compiler\include</Filter>
    </ClInclude>
    <ClInclude Include="Compiler\include\luacode.h">
      <Filter>Resources\Compiler\include</Filter>
    </ClInclude>
    <ClInclude Include="Compiler\include\ParseOptions.h">
      <Filter>Resources\Compiler\include</Filter>
    </ClInclude>
    <ClInclude Include="Compiler\include\Parser.h">
      <Filter>Resources\Compiler\include</Filter>
    </ClInclude>
    <ClInclude Include="Compiler\include\ParseResult.h">
      <Filter>Resources\Compiler\include</Filter>
    </ClInclude>
    <ClInclude Include="Compiler\include\StringUtils.h">
      <Filter>Resources\Compiler\include</Filter>
    </ClInclude>
    <ClInclude Include="Compiler\include\TimeTrace.h">
      <Filter>Resources\Compiler\include</Filter>
    </ClInclude>
    <ClInclude Include="Compiler\include\VecDeque.h">
      <Filter>Resources\Compiler\include</Filter>
    </ClInclude>
    <ClInclude Include="Compiler\source\BuiltinFolding.h">
      <Filter>Resources\Compiler\source</Filter>
    </ClInclude>
    <ClInclude Include="Compiler\source\Builtins.h">
      <Filter>Resources\Compiler\source</Filter>
    </ClInclude>
    <ClInclude Include="Compiler\source\ConstantFolding.h">
      <Filter>Resources\Compiler\source</Filter>
    </ClInclude>
    <ClInclude Include="Compiler\source\CostModel.h">
      <Filter>Resources\Compiler\source</Filter>
    </ClInclude>
    <ClInclude Include="Compiler\source\TableShape.h">
      <Filter>Resources\Compiler\source</Filter>
    </ClInclude>
    <ClInclude Include="Compiler\source\Types.h">
      <Filter>Resources\Compiler\source</Filter>
    </ClInclude>
    <ClInclude Include="Compiler\source\ValueTracking.h">
      <Filter>Resources\Compiler\source</Filter>
    </ClInclude>
    <ClInclude Include="Luau\lapi.h">
      <Filter>Resources\Luau</Filter>
    </ClInclude>
    <ClInclude Include="Luau\lbuffer.h">
      <Filter>Resources\Luau</Filter>
    </ClInclude>
    <ClInclude Include="Luau\lbuiltins.h">
      <Filter>Resources\Luau</Filter>
    </ClInclude>
    <ClInclude Include="Luau\lbytecode.h">
      <Filter>Resources\Luau</Filter>
    </ClInclude>
    <ClInclude Include="Luau\lcommon.h">
      <Filter>Resources\Luau</Filter>
    </ClInclude>
    <ClInclude Include="Luau\ldebug.h">
      <Filter>Resources\Luau</Filter>
    </ClInclude>
    <ClInclude Include="Luau\ldo.h">
      <Filter>Resources\Luau</Filter>
    </ClInclude>
    <ClInclude Include="Luau\lfunc.h">
      <Filter>Resources\Luau</Filter>
    </ClInclude>
    <ClInclude Include="Luau\lgc.h">
      <Filter>Resources\Luau</Filter>
    </ClInclude>
    <ClInclude Include="Luau\lmem.h">
      <Filter>Resources\Luau</Filter>
    </ClInclude>
    <ClInclude Include="Luau\lnumutils.h">
      <Filter>Resources\Luau</Filter>
    </ClInclude>
    <ClInclude Include="Luau\lobject.h">
      <Filter>Resources\Luau</Filter>
    </ClInclude>
    <ClInclude Include="Luau\lstate.h">
      <Filter>Resources\Luau</Filter>
    </ClInclude>
    <ClInclude Include="Luau\lstring.h">
      <Filter>Resources\Luau</Filter>
    </ClInclude>
    <ClInclude Include="Luau\ltable.h">
      <Filter>Resources\Luau</Filter>
    </ClInclude>
    <ClInclude Include="Luau\ltm.h">
      <Filter>Resources\Luau</Filter>
    </ClInclude>
    <ClInclude Include="Luau\lua.h">
      <Filter>Resources\Luau</Filter>
    </ClInclude>
    <ClInclude Include="Luau\luaconf.h">
      <Filter>Resources\Luau</Filter>
    </ClInclude>
    <ClInclude Include="Luau\lualib.h">
      <Filter>Resources\Luau</Filter>
    </ClInclude>
    <ClInclude Include="Luau\ludata.h">
      <Filter>Resources\Luau</Filter>
    </ClInclude>
    <ClInclude Include="Luau\lvm.h">
      <Filter>Resources\Luau</Filter>
    </ClInclude>
    <ClInclude Include="Luau\vm.h">
      <Filter>Resources\Luau</Filter>
    </ClInclude>
    <ClInclude Include="Compressor\include\xxhash.h">
      <Filter>Resources\Compressor\include</Filter>
    </ClInclude>
    <ClInclude Include="Compressor\include\zstd.h">
      <Filter>Resources\Compressor\include</Filter>
    </ClInclude>
    <ClInclude Include="lz4\lz4.h">
      <Filter>Headers</Filter>
    </ClInclude>
    <ClInclude Include="lz4\lz4file.h">
      <Filter>Headers</Filter>
    </ClInclude>
    <ClInclude Include="lz4\lz4frame.h">
      <Filter>Headers</Filter>
    </ClInclude>
    <ClInclude Include="lz4\lz4frame_static.h">
      <Filter>Headers</Filter>
    </ClInclude>
    <ClInclude Include="lz4\lz4hc.h">
      <Filter>Headers</Filter>
    </ClInclude>
    <ClInclude Include="ixwebsocket\include\ixwebsocket\IXBase64.h">
      <Filter>Headers</Filter>
    </ClInclude>
    <ClInclude Include="ixwebsocket\include\ixwebsocket\IXBench.h">
      <Filter>Headers</Filter>
    </ClInclude>
    <ClInclude Include="ixwebsocket\include\ixwebsocket\IXCancellationRequest.h">
      <Filter>Headers</Filter>
    </ClInclude>
    <ClInclude Include="ixwebsocket\include\ixwebsocket\IXConnectionState.h">
      <Filter>Headers</Filter>
    </ClInclude>
    <ClInclude Include="ixwebsocket\include\ixwebsocket\IXDNSLookup.h">
      <Filter>Headers</Filter>
    </ClInclude>
    <ClInclude Include="ixwebsocket\include\ixwebsocket\IXExponentialBackoff.h">
      <Filter>Headers</Filter>
    </ClInclude>
    <ClInclude Include="ixwebsocket\include\ixwebsocket\IXGetFreePort.h">
      <Filter>Headers</Filter>
    </ClInclude>
    <ClInclude Include="ixwebsocket\include\ixwebsocket\IXGzipCodec.h">
      <Filter>Headers</Filter>
    </ClInclude>
    <ClInclude Include="ixwebsocket\include\ixwebsocket\IXHttp.h">
      <Filter>Headers</Filter>
    </ClInclude>
    <ClInclude Include="ixwebsocket\include\ixwebsocket\IXHttpClient.h">
      <Filter>Headers</Filter>
    </ClInclude>
    <ClInclude Include="ixwebsocket\include\ixwebsocket\IXHttpServer.h">
      <Filter>Headers</Filter>
    </ClInclude>
    <ClInclude Include="ixwebsocket\include\ixwebsocket\IXNetSystem.h">
      <Filter>Headers</Filter>
    </ClInclude>
    <ClInclude Include="ixwebsocket\include\ixwebsocket\IXProgressCallback.h">
      <Filter>Headers</Filter>
    </ClInclude>
    <ClInclude Include="ixwebsocket\include\ixwebsocket\IXSelectInterrupt.h">
      <Filter>Headers</Filter>
    </ClInclude>
    <ClInclude Include="ixwebsocket\include\ixwebsocket\IXSelectInterruptEvent.h">
      <Filter>Headers</Filter>
    </ClInclude>
    <ClInclude Include="ixwebsocket\include\ixwebsocket\IXSelectInterruptFactory.h">
      <Filter>Headers</Filter>
    </ClInclude>
    <ClInclude Include="ixwebsocket\include\ixwebsocket\IXSelectInterruptPipe.h">
      <Filter>Headers</Filter>
    </ClInclude>
    <ClInclude Include="ixwebsocket\include\ixwebsocket\IXSetThreadName.h">
      <Filter>Headers</Filter>
    </ClInclude>
    <ClInclude Include="ixwebsocket\include\ixwebsocket\IXSocket.h">
      <Filter>Headers</Filter>
    </ClInclude>
    <ClInclude Include="ixwebsocket\include\ixwebsocket\IXSocketAppleSSL.h">
      <Filter>Headers</Filter>
    </ClInclude>
    <ClInclude Include="ixwebsocket\include\ixwebsocket\IXSocketConnect.h">
      <Filter>Headers</Filter>
    </ClInclude>
    <ClInclude Include="ixwebsocket\include\ixwebsocket\IXSocketFactory.h">
      <Filter>Headers</Filter>
    </ClInclude>
    <ClInclude Include="ixwebsocket\include\ixwebsocket\IXSocketMbedTLS.h">
      <Filter>Headers</Filter>
    </ClInclude>
    <ClInclude Include="ixwebsocket\include\ixwebsocket\IXSocketOpenSSL.h">
      <Filter>Headers</Filter>
    </ClInclude>
    <ClInclude Include="ixwebsocket\include\ixwebsocket\IXSocketServer.h">
      <Filter>Headers</Filter>
    </ClInclude>
    <ClInclude Include="ixwebsocket\include\ixwebsocket\IXSocketTLSOptions.h">
      <Filter>Headers</Filter>
    </ClInclude>
    <ClInclude Include="ixwebsocket\include\ixwebsocket\IXStrCaseCompare.h">
      <Filter>Headers</Filter>
    </ClInclude>
    <ClInclude Include="ixwebsocket\include\ixwebsocket\IXUdpSocket.h">
      <Filter>Headers</Filter>
    </ClInclude>
    <ClInclude Include="ixwebsocket\include\ixwebsocket\IXUniquePtr.h">
      <Filter>Headers</Filter>
    </ClInclude>
    <ClInclude Include="ixwebsocket\include\ixwebsocket\IXUrlParser.h">
      <Filter>Headers</Filter>
    </ClInclude>
    <ClInclude Include="ixwebsocket\include\ixwebsocket\IXUserAgent.h">
      <Filter>Headers</Filter>
    </ClInclude>
    <ClInclude Include="ixwebsocket\include\ixwebsocket\IXUtf8Validator.h">
      <Filter>Headers</Filter>
    </ClInclude>
    <ClInclude Include="ixwebsocket\include\ixwebsocket\IXUuid.h">
      <Filter>Headers</Filter>
    </ClInclude>
    <ClInclude Include="ixwebsocket\include\ixwebsocket\IXWebSocket.h">
      <Filter>Headers</Filter>
    </ClInclude>
    <ClInclude Include="ixwebsocket\include\ixwebsocket\IXWebSocketCloseConstants.h">
      <Filter>Headers</Filter>
    </ClInclude>
    <ClInclude Include="ixwebsocket\include\ixwebsocket\IXWebSocketCloseInfo.h">
      <Filter>Headers</Filter>
    </ClInclude>
    <ClInclude Include="ixwebsocket\include\ixwebsocket\IXWebSocketErrorInfo.h">
      <Filter>Headers</Filter>
    </ClInclude>
    <ClInclude Include="ixwebsocket\include\ixwebsocket\IXWebSocketHandshake.h">
      <Filter>Headers</Filter>
    </ClInclude>
    <ClInclude Include="ixwebsocket\include\ixwebsocket\IXWebSocketHandshakeKeyGen.h">
      <Filter>Headers</Filter>
    </ClInclude>
    <ClInclude Include="ixwebsocket\include\ixwebsocket\IXWebSocketHttpHeaders.h">
      <Filter>Headers</Filter>
    </ClInclude>
    <ClInclude Include="ixwebsocket\include\ixwebsocket\IXWebSocketInitResult.h">
      <Filter>Headers</Filter>
    </ClInclude>
    <ClInclude Include="ixwebsocket\include\ixwebsocket\IXWebSocketMessage.h">
      <Filter>Headers</Filter>
    </ClInclude>
    <ClInclude Include="ixwebsocket\include\ixwebsocket\IXWebSocketMessageType.h">
      <Filter>Headers</Filter>
    </ClInclude>
    <ClInclude Include="ixwebsocket\include\ixwebsocket\IXWebSocketOpenInfo.h">
      <Filter>Headers</Filter>
    </ClInclude>
    <ClInclude Include="ixwebsocket\include\ixwebsocket\IXWebSocketPerMessageDeflate.h">
      <Filter>Headers</Filter>
    </ClInclude>
    <ClInclude Include="ixwebsocket\include\ixwebsocket\IXWebSocketPerMessageDeflateCodec.h">
      <Filter>Headers</Filter>
    </ClInclude>
    <ClInclude Include="ixwebsocket\include\ixwebsocket\IXWebSocketPerMessageDeflateOptions.h">
      <Filter>Headers</Filter>
    </ClInclude>
    <ClInclude Include="ixwebsocket\include\ixwebsocket\IXWebSocketProxyServer.h">
      <Filter>Headers</Filter>
    </ClInclude>
    <ClInclude Include="ixwebsocket\include\ixwebsocket\IXWebSocketSendData.h">
      <Filter>Headers</Filter>
    </ClInclude>
    <ClInclude Include="ixwebsocket\include\ixwebsocket\IXWebSocketSendInfo.h">
      <Filter>Headers</Filter>
    </ClInclude>
    <ClInclude Include="ixwebsocket\include\ixwebsocket\IXWebSocketServer.h">
      <Filter>Headers</Filter>
    </ClInclude>
    <ClInclude Include="ixwebsocket\include\ixwebsocket\IXWebSocketTransport.h">
      <Filter>Headers</Filter>
    </ClInclude>
    <ClInclude Include="ixwebsocket\include\ixwebsocket\IXWebSocketVersion.h">
      <Filter>Headers</Filter>
    </ClInclude>
    <ClInclude Include="easywsclient\easywsclient.hpp">
      <Filter>Headers</Filter>
    </ClInclude>
    <ClInclude Include="json.hpp">
      <Filter>Headers</Filter>
    </ClInclude>
    <ClInclude Include="oxorany\oxorany.h">
      <Filter>Headers</Filter>
    </ClInclude>
    <ClInclude Include="oxorany\oxorany_include.h">
      <Filter>Headers</Filter>
    </ClInclude>
    <ClInclude Include="D3d11hook.hpp">
      <Filter>Headers</Filter>
    </ClInclude>
    <ClInclude Include="imgui\imconfig.h">
      <Filter>Headers</Filter>
    </ClInclude>
    <ClInclude Include="imgui\imgui.h">
      <Filter>Headers</Filter>
    </ClInclude>
    <ClInclude Include="imgui\imgui_impl_dx11.h">
      <Filter>Headers</Filter>
    </ClInclude>
    <ClInclude Include="imgui\imgui_impl_win32.h">
      <Filter>Headers</Filter>
    </ClInclude>
    <ClInclude Include="imgui\imgui_internal.h">
      <Filter>Headers</Filter>
    </ClInclude>
    <ClInclude Include="imgui\imstb_rectpack.h">
      <Filter>Headers</Filter>
    </ClInclude>
    <ClInclude Include="imgui\imstb_textedit.h">
      <Filter>Headers</Filter>
    </ClInclude>
    <ClInclude Include="imgui\imstb_truetype.h">
      <Filter>Headers</Filter>
    </ClInclude>
    <ClInclude Include="imgui\TextEditor.h">
      <Filter>Headers</Filter>
    </ClInclude>
    <ClInclude Include="XorStr.hpp">
      <Filter>Headers</Filter>
    </ClInclude>
    <ClInclude Include="schedule_t.hpp">
      <Filter>Headers</Filter>
    </ClInclude>
    <ClInclude Include="lua_websocket.hpp">
      <Filter>Headers</Filter>
    </ClInclude>
    <ClInclude Include="miscshit\closures.hpp">
      <Filter>Headers</Filter>
    </ClInclude>
    <ClInclude Include="miscshit\wraps.hpp">
      <Filter>Headers</Filter>
    </ClInclude>
    <ClInclude Include="miscshit\errors.hpp">
      <Filter>Headers</Filter>
    </ClInclude>
    <ClInclude Include="miscshit\hooks.hpp">
      <Filter>Headers</Filter>
    </ClInclude>
    <ClInclude Include="rbx_connection.hpp">
      <Filter>Headers</Filter>
    </ClInclude>
  </ItemGroup>
  <ItemGroup>
    <ClCompile Include="Crypt.cpp">
      <Filter>Source</Filter>
    </ClCompile>
    <ClCompile Include="Main.cpp">
      <Filter>Source</Filter>
    </ClCompile>
    <ClCompile Include="Compiler\source\Ast.cpp">
      <Filter>Resources\Compiler\source</Filter>
    </ClCompile>
    <ClCompile Include="Compiler\source\BuiltinFolding.cpp">
      <Filter>Resources\Compiler\source</Filter>
    </ClCompile>
    <ClCompile Include="Compiler\source\Builtins.cpp">
      <Filter>Resources\Compiler\source</Filter>
    </ClCompile>
    <ClCompile Include="Compiler\source\BytecodeBuilder.cpp">
      <Filter>Resources\Compiler\source</Filter>
    </ClCompile>
    <ClCompile Include="Compiler\source\Compiler.cpp">
      <Filter>Resources\Compiler\source</Filter>
    </ClCompile>
    <ClCompile Include="Compiler\source\Confusables.cpp">
      <Filter>Resources\Compiler\source</Filter>
    </ClCompile>
    <ClCompile Include="Compiler\source\ConstantFolding.cpp">
      <Filter>Resources\Compiler\source</Filter>
    </ClCompile>
    <ClCompile Include="Compiler\source\CostModel.cpp">
      <Filter>Resources\Compiler\source</Filter>
    </ClCompile>
    <ClCompile Include="Compiler\source\lcode.cpp">
      <Filter>Resources\Compiler\source</Filter>
    </ClCompile>
    <ClCompile Include="Compiler\source\Lexer.cpp">
      <Filter>Resources\Compiler\source</Filter>
    </ClCompile>
    <ClCompile Include="Compiler\source\Location.cpp">
      <Filter>Resources\Compiler\source</Filter>
    </ClCompile>
    <ClCompile Include="Compiler\source\Parser.cpp">
      <Filter>Resources\Compiler\source</Filter>
    </ClCompile>
    <ClCompile Include="Compiler\source\StringUtils.cpp">
      <Filter>Resources\Compiler\source</Filter>
    </ClCompile>
    <ClCompile Include="Compiler\source\TableShape.cpp">
      <Filter>Resources\Compiler\source</Filter>
    </ClCompile>
    <ClCompile Include="Compiler\source\TimeTrace.cpp">
      <Filter>Resources\Compiler\source</Filter>
    </ClCompile>
    <ClCompile Include="Compiler\source\Types.cpp">
      <Filter>Resources\Compiler\source</Filter>
    </ClCompile>
    <ClCompile Include="Compiler\source\ValueTracking.cpp">
      <Filter>Resources\Compiler\source</Filter>
    </ClCompile>
    <ClCompile Include="Luau\lapi.cpp">
      <Filter>Resources\Luau</Filter>
    </ClCompile>
    <ClCompile Include="Luau\laux.cpp">
      <Filter>Resources\Luau</Filter>
    </ClCompile>
    <ClCompile Include="Luau\lbaselib.cpp">
      <Filter>Resources\Luau</Filter>
    </ClCompile>
    <ClCompile Include="Luau\lbitlib.cpp">
      <Filter>Resources\Luau</Filter>
    </ClCompile>
    <ClCompile Include="Luau\lbuffer.cpp">
      <Filter>Resources\Luau</Filter>
    </ClCompile>
    <ClCompile Include="Luau\lbuflib.cpp">
      <Filter>Resources\Luau</Filter>
    </ClCompile>
    <ClCompile Include="Luau\lbuiltins.cpp">
      <Filter>Resources\Luau</Filter>
    </ClCompile>
    <ClCompile Include="Luau\lcorolib.cpp">
      <Filter>Resources\Luau</Filter>
    </ClCompile>
    <ClCompile Include="Luau\ldblib.cpp">
      <Filter>Resources\Luau</Filter>
    </ClCompile>
    <ClCompile Include="Luau\ldebug.cpp">
      <Filter>Resources\Luau</Filter>
    </ClCompile>
    <ClCompile Include="Luau\ldo.cpp">
      <Filter>Resources\Luau</Filter>
    </ClCompile>
    <ClCompile Include="Luau\lfunc.cpp">
      <Filter>Resources\Luau</Filter>
    </ClCompile>
    <ClCompile Include="Luau\lgc.cpp">
      <Filter>Resources\Luau</Filter>
    </ClCompile>
    <ClCompile Include="Luau\lgcdebug.cpp">
      <Filter>Resources\Luau</Filter>
    </ClCompile>
    <ClCompile Include="Luau\linit.cpp">
      <Filter>Resources\Luau</Filter>
    </ClCompile>
    <ClCompile Include="Luau\lmathlib.cpp">
      <Filter>Resources\Luau</Filter>
    </ClCompile>
    <ClCompile Include="Luau\lmem.cpp">
      <Filter>Resources\Luau</Filter>
    </ClCompile>
    <ClCompile Include="Luau\lnumprint.cpp">
      <Filter>Resources\Luau</Filter>
    </ClCompile>
    <ClCompile Include="Luau\lobject.cpp">
      <Filter>Resources\Luau</Filter>
    </ClCompile>
    <ClCompile Include="Luau\loslib.cpp">
      <Filter>Resources\Luau</Filter>
    </ClCompile>
    <ClCompile Include="Luau\lperf.cpp">
      <Filter>Resources\Luau</Filter>
    </ClCompile>
    <ClCompile Include="Luau\lstate.cpp">
      <Filter>Resources\Luau</Filter>
    </ClCompile>
    <ClCompile Include="Luau\lstring.cpp">
      <Filter>Resources\Luau</Filter>
    </ClCompile>
    <ClCompile Include="Luau\lstrlib.cpp">
      <Filter>Resources\Luau</Filter>
    </ClCompile>
    <ClCompile Include="Luau\ltable.cpp">
      <Filter>Resources\Luau</Filter>
    </ClCompile>
    <ClCompile Include="Luau\ltablib.cpp">
      <Filter>Resources\Luau</Filter>
    </ClCompile>
    <ClCompile Include="Luau\ltm.cpp">
      <Filter>Resources\Luau</Filter>
    </ClCompile>
    <ClCompile Include="Luau\ludata.cpp">
      <Filter>Resources\Luau</Filter>
    </ClCompile>
    <ClCompile Include="Luau\lutf8lib.cpp">
      <Filter>Resources\Luau</Filter>
    </ClCompile>
    <ClCompile Include="Luau\lvmexecute.cpp">
      <Filter>Resources\Luau</Filter>
    </ClCompile>
    <ClCompile Include="Luau\lvmload.cpp">
      <Filter>Resources\Luau</Filter>
    </ClCompile>
    <ClCompile Include="Luau\lvmutils.cpp">
      <Filter>Resources\Luau</Filter>
    </ClCompile>
    <ClCompile Include="lz4\lz4.c">
      <Filter>Source</Filter>
    </ClCompile>
    <ClCompile Include="lz4\lz4file.c">
      <Filter>Source</Filter>
    </ClCompile>
    <ClCompile Include="lz4\lz4frame.c">
      <Filter>Source</Filter>
    </ClCompile>
    <ClCompile Include="lz4\lz4hc.c">
      <Filter>Source</Filter>
    </ClCompile>
    <ClCompile Include="ixwebsocket\include\ixwebsocket\IXBench.cpp">
      <Filter>Source</Filter>
    </ClCompile>
    <ClCompile Include="ixwebsocket\include\ixwebsocket\IXCancellationRequest.cpp">
      <Filter>Source</Filter>
    </ClCompile>
    <ClCompile Include="ixwebsocket\include\ixwebsocket\IXConnectionState.cpp">
      <Filter>Source</Filter>
    </ClCompile>
    <ClCompile Include="ixwebsocket\include\ixwebsocket\IXDNSLookup.cpp">
      <Filter>Source</Filter>
    </ClCompile>
    <ClCompile Include="ixwebsocket\include\ixwebsocket\IXExponentialBackoff.cpp">
      <Filter>Source</Filter>
    </ClCompile>
    <ClCompile Include="ixwebsocket\include\ixwebsocket\IXGetFreePort.cpp">
      <Filter>Source</Filter>
    </ClCompile>
    <ClCompile Include="ixwebsocket\include\ixwebsocket\IXGzipCodec.cpp">
      <Filter>Source</Filter>
    </ClCompile>
    <ClCompile Include="ixwebsocket\include\ixwebsocket\IXHttp.cpp">
      <Filter>Source</Filter>
    </ClCompile>
    <ClCompile Include="ixwebsocket\include\ixwebsocket\IXHttpClient.cpp">
      <Filter>Source</Filter>
    </ClCompile>
    <ClCompile Include="ixwebsocket\include\ixwebsocket\IXHttpServer.cpp">
      <Filter>Source</Filter>
    </ClCompile>
    <ClCompile Include="ixwebsocket\include\ixwebsocket\IXNetSystem.cpp">
      <Filter>Source</Filter>
    </ClCompile>
    <ClCompile Include="ixwebsocket\include\ixwebsocket\IXSelectInterrupt.cpp">
      <Filter>Source</Filter>
    </ClCompile>
    <ClCompile Include="ixwebsocket\include\ixwebsocket\IXSelectInterruptEvent.cpp">
      <Filter>Source</Filter>
    </ClCompile>
    <ClCompile Include="ixwebsocket\include\ixwebsocket\IXSelectInterruptFactory.cpp">
      <Filter>Source</Filter>
    </ClCompile>
    <ClCompile Include="ixwebsocket\include\ixwebsocket\IXSelectInterruptPipe.cpp">
      <Filter>Source</Filter>
    </ClCompile>
    <ClCompile Include="ixwebsocket\include\ixwebsocket\IXSetThreadName.cpp">
      <Filter>Source</Filter>
    </ClCompile>
    <ClCompile Include="ixwebsocket\include\ixwebsocket\IXSocket.cpp">
      <Filter>Source</Filter>
    </ClCompile>
    <ClCompile Include="ixwebsocket\include\ixwebsocket\IXSocketAppleSSL.cpp">
      <Filter>Source</Filter>
    </ClCompile>
    <ClCompile Include="ixwebsocket\include\ixwebsocket\IXSocketConnect.cpp">
      <Filter>Source</Filter>
    </ClCompile>
    <ClCompile Include="ixwebsocket\include\ixwebsocket\IXSocketFactory.cpp">
      <Filter>Source</Filter>
    </ClCompile>
    <ClCompile Include="ixwebsocket\include\ixwebsocket\IXSocketMbedTLS.cpp">
      <Filter>Source</Filter>
    </ClCompile>
    <ClCompile Include="ixwebsocket\include\ixwebsocket\IXSocketOpenSSL.cpp">
      <Filter>Source</Filter>
    </ClCompile>
    <ClCompile Include="ixwebsocket\include\ixwebsocket\IXSocketServer.cpp">
      <Filter>Source</Filter>
    </ClCompile>
    <ClCompile Include="ixwebsocket\include\ixwebsocket\IXSocketTLSOptions.cpp">
      <Filter>Source</Filter>
    </ClCompile>
    <ClCompile Include="ixwebsocket\include\ixwebsocket\IXStrCaseCompare.cpp">
      <Filter>Source</Filter>
    </ClCompile>
    <ClCompile Include="ixwebsocket\include\ixwebsocket\IXUdpSocket.cpp">
      <Filter>Source</Filter>
    </ClCompile>
    <ClCompile Include="ixwebsocket\include\ixwebsocket\IXUrlParser.cpp">
      <Filter>Source</Filter>
    </ClCompile>
    <ClCompile Include="ixwebsocket\include\ixwebsocket\IXUserAgent.cpp">
      <Filter>Source</Filter>
    </ClCompile>
    <ClCompile Include="ixwebsocket\include\ixwebsocket\IXUuid.cpp">
      <Filter>Source</Filter>
    </ClCompile>
    <ClCompile Include="ixwebsocket\include\ixwebsocket\IXWebSocket.cpp">
      <Filter>Source</Filter>
    </ClCompile>
    <ClCompile Include="ixwebsocket\include\ixwebsocket\IXWebSocketCloseConstants.cpp">
      <Filter>Source</Filter>
    </ClCompile>
    <ClCompile Include="ixwebsocket\include\ixwebsocket\IXWebSocketHandshake.cpp">
      <Filter>Source</Filter>
    </ClCompile>
    <ClCompile Include="ixwebsocket\include\ixwebsocket\IXWebSocketHttpHeaders.cpp">
      <Filter>Source</Filter>
    </ClCompile>
    <ClCompile Include="ixwebsocket\include\ixwebsocket\IXWebSocketPerMessageDeflate.cpp">
      <Filter>Source</Filter>
    </ClCompile>
    <ClCompile Include="ixwebsocket\include\ixwebsocket\IXWebSocketPerMessageDeflateCodec.cpp">
      <Filter>Source</Filter>
    </ClCompile>
    <ClCompile Include="ixwebsocket\include\ixwebsocket\IXWebSocketPerMessageDeflateOptions.cpp">
      <Filter>Source</Filter>
    </ClCompile>
    <ClCompile Include="ixwebsocket\include\ixwebsocket\IXWebSocketProxyServer.cpp">
      <Filter>Source</Filter>
    </ClCompile>
    <ClCompile Include="ixwebsocket\include\ixwebsocket\IXWebSocketServer.cpp">
      <Filter>Source</Filter>
    </ClCompile>
    <ClCompile Include="ixwebsocket\include\ixwebsocket\IXWebSocketTransport.cpp">
      <Filter>Source</Filter>
    </ClCompile>
    <ClCompile Include="easywsclient\easywsclient.cpp">
      <Filter>Source</Filter>
    </ClCompile>
    <ClCompile Include="oxorany\oxorany.cpp">
      <Filter>Source</Filter>
    </ClCompile>
    <ClCompile Include="imgui\imgui.cpp">
      <Filter>Source</Filter>
    </ClCompile>
    <ClCompile Include="imgui\imgui_demo.cpp">
      <Filter>Source</Filter>
    </ClCompile>
    <ClCompile Include="imgui\imgui_draw.cpp">
      <Filter>Source</Filter>
    </ClCompile>
    <ClCompile Include="imgui\imgui_impl_dx11.cpp">
      <Filter>Source</Filter>
    </ClCompile>
    <ClCompile Include="imgui\imgui_impl_win32.cpp">
      <Filter>Source</Filter>
    </ClCompile>
    <ClCompile Include="imgui\imgui_tables.cpp">
      <Filter>Source</Filter>
    </ClCompile>
    <ClCompile Include="imgui\imgui_widgets.cpp">
      <Filter>Source</Filter>
    </ClCompile>
    <ClCompile Include="imgui\TextEditor.cpp">
      <Filter>Source</Filter>
    </ClCompile>
    <ClCompile Include="D3d11hook.cpp">
      <Filter>Source</Filter>
    </ClCompile>
    <ClCompile Include="lua_websocket.cpp">
      <Filter>Source</Filter>
    </ClCompile>
    <ClCompile Include="miscshit\closures.cpp">
      <Filter>Source</Filter>
    </ClCompile>
    <ClCompile Include="miscshit\wraps.cpp">
      <Filter>Source</Filter>
    </ClCompile>
    <ClCompile Include="miscshit\errors.cpp">
      <Filter>Source</Filter>
    </ClCompile>
    <ClCompile Include="miscshit\hooks.cpp">
      <Filter>Source</Filter>
    </ClCompile>
  </ItemGroup>
  <ItemGroup>
    <Library Include="Compressor\library\libzstd_static.lib">
      <Filter>Resources\Compressor\library</Filter>
    </Library>
  </ItemGroup>
</Project>