<?xml version="1.0" encoding="utf-8"?>
<Project ToolsVersion="4.0" xmlns="http://schemas.microsoft.com/developer/msbuild/2003">
  <ItemGroup>
    <Filter Include="Source Files">
      <UniqueIdentifier>{4FC737F1-C7A5-4376-A066-2A32D752A2FF}</UniqueIdentifier>
      <Extensions>cpp;c;cc;cxx;def;odl;idl;hpj;bat;asm;asmx</Extensions>
    </Filter>
    <Filter Include="Header Files">
      <UniqueIdentifier>{93995380-89BD-4b04-88EB-625FBE52EBFB}</UniqueIdentifier>
      <Extensions>h;hh;hpp;hxx;hm;inl;inc;xsd</Extensions>
    </Filter>
    <Filter Include="Resource Files">
      <UniqueIdentifier>{67DA6AB6-F800-4c08-8B7A-83BB121AAD01}</UniqueIdentifier>
      <Extensions>rc;ico;cur;bmp;dlg;rc2;rct;bin;rgs;gif;jpg;jpeg;jpe;resx;tiff;tif;png;wav;mfcribbon-ms</Extensions>
    </Filter>
    <Filter Include="Source Files\FORM_SOURCES">
      <UniqueIdentifier>{f9cbb655-3d9f-4f03-9f1a-40c2670203ca}</UniqueIdentifier>
    </Filter>
    <Filter Include="Source Files\LUA">
      <UniqueIdentifier>{478434cf-b483-4cb0-84b2-13ff34f8cc46}</UniqueIdentifier>
    </Filter>
    <Filter Include="Source Files\LUA_SCRIPT_EXECUTION">
      <UniqueIdentifier>{02991540-4dc6-4316-b9c9-fb67cb016aeb}</UniqueIdentifier>
    </Filter>
  </ItemGroup>
  <ItemGroup>
    <ClCompile Include="..\..\RC7_MAIN.cpp">
      <Filter>Source Files\FORM_SOURCES</Filter>
    </ClCompile>
    <ClCompile Include="SCRIPT_EXECUTION\Form.cpp">
      <Filter>Source Files\LUA</Filter>
    </ClCompile>
    <ClCompile Include="SCRIPT_EXECUTION\lapi.c">
      <Filter>Source Files\LUA</Filter>
    </ClCompile>
    <ClCompile Include="SCRIPT_EXECUTION\lauxlib.c">
      <Filter>Source Files\LUA</Filter>
    </ClCompile>
    <ClCompile Include="SCRIPT_EXECUTION\lbaselib.c">
      <Filter>Source Files\LUA</Filter>
    </ClCompile>
    <ClCompile Include="SCRIPT_EXECUTION\lcode.c">
      <Filter>Source Files\LUA</Filter>
    </ClCompile>
    <ClCompile Include="SCRIPT_EXECUTION\ldblib.c">
      <Filter>Source Files\LUA</Filter>
    </ClCompile>
    <ClCompile Include="SCRIPT_EXECUTION\ldebug.c">
      <Filter>Source Files\LUA</Filter>
    </ClCompile>
    <ClCompile Include="SCRIPT_EXECUTION\ldo.c">
      <Filter>Source Files\LUA</Filter>
    </ClCompile>
    <ClCompile Include="SCRIPT_EXECUTION\ldump.c">
      <Filter>Source Files\LUA</Filter>
    </ClCompile>
    <ClCompile Include="SCRIPT_EXECUTION\lfunc.c">
      <Filter>Source Files\LUA</Filter>
    </ClCompile>
    <ClCompile Include="SCRIPT_EXECUTION\lgc.c">
      <Filter>Source Files\LUA</Filter>
    </ClCompile>
    <ClCompile Include="SCRIPT_EXECUTION\linit.c">
      <Filter>Source Files\LUA</Filter>
    </ClCompile>
    <ClCompile Include="SCRIPT_EXECUTION\liolib.c">
      <Filter>Source Files\LUA</Filter>
    </ClCompile>
    <ClCompile Include="SCRIPT_EXECUTION\llex.c">
      <Filter>Source Files\LUA</Filter>
    </ClCompile>
    <ClCompile Include="SCRIPT_EXECUTION\lmathlib.c">
      <Filter>Source Files\LUA</Filter>
    </ClCompile>
    <ClCompile Include="SCRIPT_EXECUTION\lmem.c">
      <Filter>Source Files\LUA</Filter>
    </ClCompile>
    <ClCompile Include="SCRIPT_EXECUTION\loadlib.c">
      <Filter>Source Files\LUA</Filter>
    </ClCompile>
    <ClCompile Include="SCRIPT_EXECUTION\lobject.c">
      <Filter>Source Files\LUA</Filter>
    </ClCompile>
    <ClCompile Include="SCRIPT_EXECUTION\lopcodes.c">
      <Filter>Source Files\LUA</Filter>
    </ClCompile>
    <ClCompile Include="SCRIPT_EXECUTION\loslib.c">
      <Filter>Source Files\LUA</Filter>
    </ClCompile>
    <ClCompile Include="SCRIPT_EXECUTION\lparser.c">
      <Filter>Source Files\LUA</Filter>
    </ClCompile>
    <ClCompile Include="SCRIPT_EXECUTION\lstate.c">
      <Filter>Source Files\LUA</Filter>
    </ClCompile>
    <ClCompile Include="SCRIPT_EXECUTION\lstring.c">
      <Filter>Source Files\LUA</Filter>
    </ClCompile>
    <ClCompile Include="SCRIPT_EXECUTION\lstrlib.c">
      <Filter>Source Files\LUA</Filter>
    </ClCompile>
    <ClCompile Include="SCRIPT_EXECUTION\ltable.c">
      <Filter>Source Files\LUA</Filter>
    </ClCompile>
    <ClCompile Include="SCRIPT_EXECUTION\ltablib.c">
      <Filter>Source Files\LUA</Filter>
    </ClCompile>
    <ClCompile Include="SCRIPT_EXECUTION\ltm.c">
      <Filter>Source Files\LUA</Filter>
    </ClCompile>
    <ClCompile Include="SCRIPT_EXECUTION\lua.c">
      <Filter>Source Files\LUA</Filter>
    </ClCompile>
    <ClCompile Include="SCRIPT_EXECUTION\luac.c">
      <Filter>Source Files\LUA</Filter>
    </ClCompile>
    <ClCompile Include="SCRIPT_EXECUTION\lundump.c">
      <Filter>Source Files\LUA</Filter>
    </ClCompile>
    <ClCompile Include="SCRIPT_EXECUTION\lvm.c">
      <Filter>Source Files\LUA</Filter>
    </ClCompile>
    <ClCompile Include="SCRIPT_EXECUTION\lzio.c">
      <Filter>Source Files\LUA</Filter>
    </ClCompile>
    <ClCompile Include="SCRIPT_EXECUTION\print.c">
      <Filter>Source Files\LUA</Filter>
    </ClCompile>
    <ClCompile Include="SCRIPT_EXECUTION\main.cpp">
      <Filter>Source Files\LUA_SCRIPT_EXECUTION</Filter>
    </ClCompile>
  </ItemGroup>
  <ItemGroup>
    <ClInclude Include="RC7_MAIN.h">
      <Filter>Header Files</Filter>
    </ClInclude>
    <ClInclude Include="SCRIPT_EXECUTION\detours.h">
      <Filter>Source Files\LUA</Filter>
    </ClInclude>
    <ClInclude Include="SCRIPT_EXECUTION\Form.h">
      <Filter>Source Files\LUA</Filter>
    </ClInclude>
    <ClInclude Include="SCRIPT_EXECUTION\lapi.h">
      <Filter>Source Files\LUA</Filter>
    </ClInclude>
    <ClInclude Include="SCRIPT_EXECUTION\lauxlib.h">
      <Filter>Source Files\LUA</Filter>
    </ClInclude>
    <ClInclude Include="SCRIPT_EXECUTION\lcode.h">
      <Filter>Source Files\LUA</Filter>
    </ClInclude>
    <ClInclude Include="SCRIPT_EXECUTION\ldebug.h">
      <Filter>Source Files\LUA</Filter>
    </ClInclude>
    <ClInclude Include="SCRIPT_EXECUTION\ldo.h">
      <Filter>Source Files\LUA</Filter>
    </ClInclude>
    <ClInclude Include="SCRIPT_EXECUTION\lfunc.h">
      <Filter>Source Files\LUA</Filter>
    </ClInclude>
    <ClInclude Include="SCRIPT_EXECUTION\lgc.h">
      <Filter>Source Files\LUA</Filter>
    </ClInclude>
    <ClInclude Include="SCRIPT_EXECUTION\llex.h">
      <Filter>Source Files\LUA</Filter>
    </ClInclude>
    <ClInclude Include="SCRIPT_EXECUTION\llimits.h">
      <Filter>Source Files\LUA</Filter>
    </ClInclude>
    <ClInclude Include="SCRIPT_EXECUTION\lmem.h">
      <Filter>Source Files\LUA</Filter>
    </ClInclude>
    <ClInclude Include="SCRIPT_EXECUTION\lobject.h">
      <Filter>Source Files\LUA</Filter>
    </ClInclude>
    <ClInclude Include="SCRIPT_EXECUTION\lopcodes.h">
      <Filter>Source Files\LUA</Filter>
    </ClInclude>
    <ClInclude Include="SCRIPT_EXECUTION\lparser.h">
      <Filter>Source Files\LUA</Filter>
    </ClInclude>
    <ClInclude Include="SCRIPT_EXECUTION\lstate.h">
      <Filter>Source Files\LUA</Filter>
    </ClInclude>
    <ClInclude Include="SCRIPT_EXECUTION\lstring.h">
      <Filter>Source Files\LUA</Filter>
    </ClInclude>
    <ClInclude Include="SCRIPT_EXECUTION\ltable.h">
      <Filter>Source Files\LUA</Filter>
    </ClInclude>
    <ClInclude Include="SCRIPT_EXECUTION\ltm.h">
      <Filter>Source Files\LUA</Filter>
    </ClInclude>
    <ClInclude Include="SCRIPT_EXECUTION\lua.h">
      <Filter>Source Files\LUA</Filter>
    </ClInclude>
    <ClInclude Include="SCRIPT_EXECUTION\luaconf.h">
      <Filter>Source Files\LUA</Filter>
    </ClInclude>
    <ClInclude Include="SCRIPT_EXECUTION\lualib.h">
      <Filter>Source Files\LUA</Filter>
    </ClInclude>
    <ClInclude Include="SCRIPT_EXECUTION\lundump.h">
      <Filter>Source Files\LUA</Filter>
    </ClInclude>
    <ClInclude Include="SCRIPT_EXECUTION\lvm.h">
      <Filter>Source Files\LUA</Filter>
    </ClInclude>
    <ClInclude Include="SCRIPT_EXECUTION\lzio.h">
      <Filter>Source Files\LUA</Filter>
    </ClInclude>
    <ClInclude Include="SCRIPT_EXECUTION\Memcheck.h">
      <Filter>Source Files\LUA_SCRIPT_EXECUTION</Filter>
    </ClInclude>
  </ItemGroup>
  <ItemGroup>
    <EmbeddedResource Include="RC7_MAIN.resx">
      <Filter>Resource Files</Filter>
    </EmbeddedResource>
  </ItemGroup>
  <ItemGroup>
    <Library Include="SCRIPT_EXECUTION\detours.lib">
      <Filter>Source Files\LUA</Filter>
    </Library>
  </ItemGroup>
  <ItemGroup>
    <None Include="SCRIPT_EXECUTION\Makefile">
      <Filter>Source Files\LUA</Filter>
    </None>
  </ItemGroup>
</Project>