<?xml version="1.0" encoding="utf-8"?>
<Project ToolsVersion="4.0" xmlns="http://schemas.microsoft.com/developer/msbuild/2003">
  <ItemGroup>
    <Filter Include="Source Files">
      <UniqueIdentifier>{4FC737F1-C7A5-4376-A066-2A32D752A2FF}</UniqueIdentifier>
      <Extensions>cpp;c;cc;cxx;c++;cppm;ixx;def;odl;idl;hpj;bat;asm;asmx</Extensions>
    </Filter>
    <Filter Include="Header Files">
      <UniqueIdentifier>{93995380-89BD-4b04-88EB-625FBE52EBFB}</UniqueIdentifier>
      <Extensions>h;hh;hpp;hxx;h++;hm;inl;inc;ipp;xsd</Extensions>
    </Filter>
    <Filter Include="Resource Files">
      <UniqueIdentifier>{67DA6AB6-F800-4c08-8B7A-83BB121AAD01}</UniqueIdentifier>
      <Extensions>rc;ico;cur;bmp;dlg;rc2;rct;bin;rgs;gif;jpg;jpeg;jpe;resx;tiff;tif;png;wav;mfcribbon-ms</Extensions>
    </Filter>
    <Filter Include="Source Files\Lua Addresses">
      <UniqueIdentifier>{18ec482c-d0bc-4290-9f41-504ff83f9b7a}</UniqueIdentifier>
    </Filter>
    <Filter Include="Source Files\Enviroment">
      <UniqueIdentifier>{bce7b12e-f8dc-4347-90cb-5cc0536f9fd9}</UniqueIdentifier>
    </Filter>
    <Filter Include="Lua">
      <UniqueIdentifier>{7e1017ab-493d-4aa9-bba5-cb5275807154}</UniqueIdentifier>
    </Filter>
    <Filter Include="Source Files\Checks">
      <UniqueIdentifier>{e1d55888-ab2a-4987-ba3c-562cb59634bc}</UniqueIdentifier>
    </Filter>
    <Filter Include="Source Files\Enviroment\Functions">
      <UniqueIdentifier>{db9a07e5-5d68-4a04-9d13-7cbaccf27224}</UniqueIdentifier>
    </Filter>
  </ItemGroup>
  <ItemGroup>
    <ClInclude Include="CallCheck.h">
      <Filter>Source Files\Checks</Filter>
    </ClInclude>
    <ClInclude Include="Lua\lapi.h">
      <Filter>Lua</Filter>
    </ClInclude>
    <ClInclude Include="Lua\lauxlib.h">
      <Filter>Lua</Filter>
    </ClInclude>
    <ClInclude Include="Lua\lcode.h">
      <Filter>Lua</Filter>
    </ClInclude>
    <ClInclude Include="Lua\ldebug.h">
      <Filter>Lua</Filter>
    </ClInclude>
    <ClInclude Include="Lua\ldo.h">
      <Filter>Lua</Filter>
    </ClInclude>
    <ClInclude Include="Lua\lfunc.h">
      <Filter>Lua</Filter>
    </ClInclude>
    <ClInclude Include="Lua\lgc.h">
      <Filter>Lua</Filter>
    </ClInclude>
    <ClInclude Include="Lua\llex.h">
      <Filter>Lua</Filter>
    </ClInclude>
    <ClInclude Include="Lua\llimits.h">
      <Filter>Lua</Filter>
    </ClInclude>
    <ClInclude Include="Lua\lmem.h">
      <Filter>Lua</Filter>
    </ClInclude>
    <ClInclude Include="Lua\lobject.h">
      <Filter>Lua</Filter>
    </ClInclude>
    <ClInclude Include="Lua\lopcodes.h">
      <Filter>Lua</Filter>
    </ClInclude>
    <ClInclude Include="Lua\lparser.h">
      <Filter>Lua</Filter>
    </ClInclude>
    <ClInclude Include="Lua\lstate.h">
      <Filter>Lua</Filter>
    </ClInclude>
    <ClInclude Include="Lua\lstring.h">
      <Filter>Lua</Filter>
    </ClInclude>
    <ClInclude Include="Lua\ltable.h">
      <Filter>Lua</Filter>
    </ClInclude>
    <ClInclude Include="Lua\ltm.h">
      <Filter>Lua</Filter>
    </ClInclude>
    <ClInclude Include="Lua\lua.h">
      <Filter>Lua</Filter>
    </ClInclude>
    <ClInclude Include="Lua\lua.hpp">
      <Filter>Lua</Filter>
    </ClInclude>
    <ClInclude Include="Lua\luaconf.h">
      <Filter>Lua</Filter>
    </ClInclude>
    <ClInclude Include="Lua\luadefs.h">
      <Filter>Lua</Filter>
    </ClInclude>
    <ClInclude Include="Lua\lualib.h">
      <Filter>Lua</Filter>
    </ClInclude>
    <ClInclude Include="Lua\luaop.h">
      <Filter>Lua</Filter>
    </ClInclude>
    <ClInclude Include="Lua\lundump.h">
      <Filter>Lua</Filter>
    </ClInclude>
    <ClInclude Include="Lua\lvm.h">
      <Filter>Lua</Filter>
    </ClInclude>
    <ClInclude Include="Lua\lzio.h">
      <Filter>Lua</Filter>
    </ClInclude>
    <ClInclude Include="Retcheck.h">
      <Filter>Source Files\Checks</Filter>
    </ClInclude>
    <ClInclude Include="Lua.h">
      <Filter>Source Files\Lua Addresses</Filter>
    </ClInclude>
    <ClInclude Include="Addresses.h">
      <Filter>Source Files\Lua Addresses</Filter>
    </ClInclude>
    <ClInclude Include="Settings.h">
      <Filter>Source Files</Filter>
    </ClInclude>
    <ClInclude Include="Mouse-Keyboard.h">
      <Filter>Source Files\Enviroment\Functions</Filter>
    </ClInclude>
    <ClInclude Include="FileSystem.h">
      <Filter>Source Files\Enviroment\Functions</Filter>
    </ClInclude>
    <ClInclude Include="Console.h">
      <Filter>Source Files\Enviroment\Functions</Filter>
    </ClInclude>
    <ClInclude Include="Functions.h">
      <Filter>Source Files\Enviroment\Functions</Filter>
    </ClInclude>
    <ClInclude Include="Execution.h">
      <Filter>Source Files\Enviroment</Filter>
    </ClInclude>
  </ItemGroup>
  <ItemGroup>
    <ClCompile Include="Entry.cpp">
      <Filter>Source Files</Filter>
    </ClCompile>
    <ClCompile Include="Lua\lapi.c">
      <Filter>Lua</Filter>
    </ClCompile>
    <ClCompile Include="Lua\lauxlib.c">
      <Filter>Lua</Filter>
    </ClCompile>
    <ClCompile Include="Lua\lbaselib.c">
      <Filter>Lua</Filter>
    </ClCompile>
    <ClCompile Include="Lua\lcode.c">
      <Filter>Lua</Filter>
    </ClCompile>
    <ClCompile Include="Lua\ldblib.c">
      <Filter>Lua</Filter>
    </ClCompile>
    <ClCompile Include="Lua\ldebug.c">
      <Filter>Lua</Filter>
    </ClCompile>
    <ClCompile Include="Lua\ldo.c">
      <Filter>Lua</Filter>
    </ClCompile>
    <ClCompile Include="Lua\ldump.c">
      <Filter>Lua</Filter>
    </ClCompile>
    <ClCompile Include="Lua\lfunc.c">
      <Filter>Lua</Filter>
    </ClCompile>
    <ClCompile Include="Lua\lgc.c">
      <Filter>Lua</Filter>
    </ClCompile>
    <ClCompile Include="Lua\linit.c">
      <Filter>Lua</Filter>
    </ClCompile>
    <ClCompile Include="Lua\liolib.c">
      <Filter>Lua</Filter>
    </ClCompile>
    <ClCompile Include="Lua\llex.c">
      <Filter>Lua</Filter>
    </ClCompile>
    <ClCompile Include="Lua\lmathlib.c">
      <Filter>Lua</Filter>
    </ClCompile>
    <ClCompile Include="Lua\lmem.c">
      <Filter>Lua</Filter>
    </ClCompile>
    <ClCompile Include="Lua\loadlib.c">
      <Filter>Lua</Filter>
    </ClCompile>
    <ClCompile Include="Lua\lobject.c">
      <Filter>Lua</Filter>
    </ClCompile>
    <ClCompile Include="Lua\lopcodes.c">
      <Filter>Lua</Filter>
    </ClCompile>
    <ClCompile Include="Lua\loslib.c">
      <Filter>Lua</Filter>
    </ClCompile>
    <ClCompile Include="Lua\lparser.c">
      <Filter>Lua</Filter>
    </ClCompile>
    <ClCompile Include="Lua\lstate.c">
      <Filter>Lua</Filter>
    </ClCompile>
    <ClCompile Include="Lua\lstring.c">
      <Filter>Lua</Filter>
    </ClCompile>
    <ClCompile Include="Lua\lstrlib.c">
      <Filter>Lua</Filter>
    </ClCompile>
    <ClCompile Include="Lua\ltable.c">
      <Filter>Lua</Filter>
    </ClCompile>
    <ClCompile Include="Lua\ltablib.c">
      <Filter>Lua</Filter>
    </ClCompile>
    <ClCompile Include="Lua\ltm.c">
      <Filter>Lua</Filter>
    </ClCompile>
    <ClCompile Include="Lua\lua.c">
      <Filter>Lua</Filter>
    </ClCompile>
    <ClCompile Include="Lua\lundump.c">
      <Filter>Lua</Filter>
    </ClCompile>
    <ClCompile Include="Lua\lvm.c">
      <Filter>Lua</Filter>
    </ClCompile>
    <ClCompile Include="Lua\lzio.c">
      <Filter>Lua</Filter>
    </ClCompile>
    <ClCompile Include="Lua\print.c">
      <Filter>Lua</Filter>
    </ClCompile>
  </ItemGroup>
</Project>