<?xml version="1.0" encoding="utf-8"?>
<Project ToolsVersion="4.0" xmlns="http://schemas.microsoft.com/developer/msbuild/2003">
  <ItemGroup>
    <Filter Include="Source Files">
      <UniqueIdentifier>{4FC737F1-C7A5-4376-A066-2A32D752A2FF}</UniqueIdentifier>
      <Extensions>cpp;c;cc;cxx;def;odl;idl;hpj;bat;asm;asmx</Extensions>
    </Filter>
    <Filter Include="Header Files">
      <UniqueIdentifier>{93995380-89BD-4b04-88EB-625FBE52EBFB}</UniqueIdentifier>
      <Extensions>h;hh;hpp;hxx;hm;inl;inc;xsd</Extensions>
    </Filter>
    <Filter Include="Resource Files">
      <UniqueIdentifier>{67DA6AB6-F800-4c08-8B7A-83BB121AAD01}</UniqueIdentifier>
      <Extensions>rc;ico;cur;bmp;dlg;rc2;rct;bin;rgs;gif;jpg;jpeg;jpe;resx;tiff;tif;png;wav;mfcribbon-ms</Extensions>
    </Filter>
    <Filter Include="ImportantLua">
      <UniqueIdentifier>{ef2f3b50-d73c-41ae-a143-de3f9ccd2e7d}</UniqueIdentifier>
    </Filter>
  </ItemGroup>
  <ItemGroup>
    <ClInclude Include="_EnvHooks.h">
      <Filter>Header Files</Filter>
    </ClInclude>
    <ClInclude Include="Addresses.h">
      <Filter>Header Files</Filter>
    </ClInclude>
    <ClInclude Include="aobscan.h">
      <Filter>Header Files</Filter>
    </ClInclude>
    <ClInclude Include="Authentication.h">
      <Filter>Header Files</Filter>
    </ClInclude>
    <ClInclude Include="DenseHash.h">
      <Filter>Header Files</Filter>
    </ClInclude>
    <ClInclude Include="form.h">
      <Filter>Header Files</Filter>
    </ClInclude>
    <ClInclude Include="Hook.h">
      <Filter>Header Files</Filter>
    </ClInclude>
    <ClInclude Include="Http.h">
      <Filter>Header Files</Filter>
    </ClInclude>
    <ClInclude Include="LuaSerializer.h">
      <Filter>Header Files</Filter>
    </ClInclude>
    <ClInclude Include="luaState.h">
      <Filter>Header Files</Filter>
    </ClInclude>
    <ClInclude Include="lz4.h">
      <Filter>Header Files</Filter>
    </ClInclude>
    <ClInclude Include="lz4frame.h">
      <Filter>Header Files</Filter>
    </ClInclude>
    <ClInclude Include="lz4frame_static.h">
      <Filter>Header Files</Filter>
    </ClInclude>
    <ClInclude Include="lz4hc.h">
      <Filter>Header Files</Filter>
    </ClInclude>
    <ClInclude Include="lz4opt.h">
      <Filter>Header Files</Filter>
    </ClInclude>
    <ClInclude Include="Main.h">
      <Filter>Header Files</Filter>
    </ClInclude>
    <ClInclude Include="RbxOpEncoder.h">
      <Filter>Header Files</Filter>
    </ClInclude>
    <ClInclude Include="RbxDefs.h">
      <Filter>Header Files</Filter>
    </ClInclude>
    <ClInclude Include="SciLexer.h">
      <Filter>Header Files</Filter>
    </ClInclude>
    <ClInclude Include="Shuffle.h">
      <Filter>Header Files</Filter>
    </ClInclude>
    <ClInclude Include="sigscan.h">
      <Filter>Header Files</Filter>
    </ClInclude>
    <ClInclude Include="SigScanner.h">
      <Filter>Header Files</Filter>
    </ClInclude>
    <ClInclude Include="stdafx.h">
      <Filter>Header Files</Filter>
    </ClInclude>
    <ClInclude Include="TaskScheduler.h">
      <Filter>Header Files</Filter>
    </ClInclude>
    <ClInclude Include="Update.h">
      <Filter>Header Files</Filter>
    </ClInclude>
    <ClInclude Include="Util.h">
      <Filter>Header Files</Filter>
    </ClInclude>
    <ClInclude Include="xxhash.h">
      <Filter>Header Files</Filter>
    </ClInclude>
    <ClInclude Include="xxHash32.h">
      <Filter>Header Files</Filter>
    </ClInclude>
    <ClInclude Include="ImportantLua\ldebug.h">
      <Filter>ImportantLua</Filter>
    </ClInclude>
    <ClInclude Include="ImportantLua\ldo.h">
      <Filter>ImportantLua</Filter>
    </ClInclude>
    <ClInclude Include="ImportantLua\lfunc.h">
      <Filter>ImportantLua</Filter>
    </ClInclude>
    <ClInclude Include="ImportantLua\lgc.h">
      <Filter>ImportantLua</Filter>
    </ClInclude>
    <ClInclude Include="ImportantLua\llex.h">
      <Filter>ImportantLua</Filter>
    </ClInclude>
    <ClInclude Include="ImportantLua\llimits.h">
      <Filter>ImportantLua</Filter>
    </ClInclude>
    <ClInclude Include="ImportantLua\lmem.h">
      <Filter>ImportantLua</Filter>
    </ClInclude>
    <ClInclude Include="ImportantLua\lobject.h">
      <Filter>ImportantLua</Filter>
    </ClInclude>
    <ClInclude Include="ImportantLua\lopcodes.h">
      <Filter>ImportantLua</Filter>
    </ClInclude>
    <ClInclude Include="ImportantLua\lparser.h">
      <Filter>ImportantLua</Filter>
    </ClInclude>
    <ClInclude Include="ImportantLua\lstate.h">
      <Filter>ImportantLua</Filter>
    </ClInclude>
    <ClInclude Include="ImportantLua\lstring.h">
      <Filter>ImportantLua</Filter>
    </ClInclude>
    <ClInclude Include="ImportantLua\ltable.h">
      <Filter>ImportantLua</Filter>
    </ClInclude>
    <ClInclude Include="ImportantLua\ltm.h">
      <Filter>ImportantLua</Filter>
    </ClInclude>
    <ClInclude Include="ImportantLua\lua.h">
      <Filter>ImportantLua</Filter>
    </ClInclude>
    <ClInclude Include="ImportantLua\luaconf.h">
      <Filter>ImportantLua</Filter>
    </ClInclude>
    <ClInclude Include="ImportantLua\lualib.h">
      <Filter>ImportantLua</Filter>
    </ClInclude>
    <ClInclude Include="ImportantLua\lundump.h">
      <Filter>ImportantLua</Filter>
    </ClInclude>
    <ClInclude Include="ImportantLua\lvm.h">
      <Filter>ImportantLua</Filter>
    </ClInclude>
    <ClInclude Include="ImportantLua\lzio.h">
      <Filter>ImportantLua</Filter>
    </ClInclude>
    <ClInclude Include="ImportantLua\lapi.h">
      <Filter>ImportantLua</Filter>
    </ClInclude>
    <ClInclude Include="ImportantLua\lauxlib.h">
      <Filter>ImportantLua</Filter>
    </ClInclude>
    <ClInclude Include="ImportantLua\lcode.h">
      <Filter>ImportantLua</Filter>
    </ClInclude>
  </ItemGroup>
  <ItemGroup>
    <ClCompile Include="Hook.cpp">
      <Filter>Source Files</Filter>
    </ClCompile>
    <ClCompile Include="lz4.c">
      <Filter>Source Files</Filter>
    </ClCompile>
    <ClCompile Include="lz4frame.c">
      <Filter>Source Files</Filter>
    </ClCompile>
    <ClCompile Include="lz4hc.c">
      <Filter>Source Files</Filter>
    </ClCompile>
    <ClCompile Include="Main.cpp">
      <Filter>Source Files</Filter>
    </ClCompile>
    <ClCompile Include="RbxDefs.cpp">
      <Filter>Source Files</Filter>
    </ClCompile>
    <ClCompile Include="RbxOpEncoder.cpp">
      <Filter>Source Files</Filter>
    </ClCompile>
    <ClCompile Include="sigscan.cpp">
      <Filter>Source Files</Filter>
    </ClCompile>
    <ClCompile Include="SigScanner.cpp">
      <Filter>Source Files</Filter>
    </ClCompile>
    <ClCompile Include="TaskScheduler.cpp">
      <Filter>Source Files</Filter>
    </ClCompile>
    <ClCompile Include="Util.cpp">
      <Filter>Source Files</Filter>
    </ClCompile>
    <ClCompile Include="xxhash.c">
      <Filter>Source Files</Filter>
    </ClCompile>
    <ClCompile Include="xxHash32.cpp">
      <Filter>Source Files</Filter>
    </ClCompile>
    <ClCompile Include="ImportantLua\ldblib.c">
      <Filter>ImportantLua</Filter>
    </ClCompile>
    <ClCompile Include="ImportantLua\ldebug.c">
      <Filter>ImportantLua</Filter>
    </ClCompile>
    <ClCompile Include="ImportantLua\ldo.c">
      <Filter>ImportantLua</Filter>
    </ClCompile>
    <ClCompile Include="ImportantLua\ldump.c">
      <Filter>ImportantLua</Filter>
    </ClCompile>
    <ClCompile Include="ImportantLua\lfunc.c">
      <Filter>ImportantLua</Filter>
    </ClCompile>
    <ClCompile Include="ImportantLua\lgc.c">
      <Filter>ImportantLua</Filter>
    </ClCompile>
    <ClCompile Include="ImportantLua\linit.c">
      <Filter>ImportantLua</Filter>
    </ClCompile>
    <ClCompile Include="ImportantLua\liolib.c">
      <Filter>ImportantLua</Filter>
    </ClCompile>
    <ClCompile Include="ImportantLua\llex.c">
      <Filter>ImportantLua</Filter>
    </ClCompile>
    <ClCompile Include="ImportantLua\lmathlib.c">
      <Filter>ImportantLua</Filter>
    </ClCompile>
    <ClCompile Include="ImportantLua\lmem.c">
      <Filter>ImportantLua</Filter>
    </ClCompile>
    <ClCompile Include="ImportantLua\loadlib.c">
      <Filter>ImportantLua</Filter>
    </ClCompile>
    <ClCompile Include="ImportantLua\lobject.c">
      <Filter>ImportantLua</Filter>
    </ClCompile>
    <ClCompile Include="ImportantLua\lopcodes.c">
      <Filter>ImportantLua</Filter>
    </ClCompile>
    <ClCompile Include="ImportantLua\loslib.c">
      <Filter>ImportantLua</Filter>
    </ClCompile>
    <ClCompile Include="ImportantLua\lparser.c">
      <Filter>ImportantLua</Filter>
    </ClCompile>
    <ClCompile Include="ImportantLua\lstate.c">
      <Filter>ImportantLua</Filter>
    </ClCompile>
    <ClCompile Include="ImportantLua\lstring.c">
      <Filter>ImportantLua</Filter>
    </ClCompile>
    <ClCompile Include="ImportantLua\lstrlib.c">
      <Filter>ImportantLua</Filter>
    </ClCompile>
    <ClCompile Include="ImportantLua\ltable.c">
      <Filter>ImportantLua</Filter>
    </ClCompile>
    <ClCompile Include="ImportantLua\ltablib.c">
      <Filter>ImportantLua</Filter>
    </ClCompile>
    <ClCompile Include="ImportantLua\ltm.c">
      <Filter>ImportantLua</Filter>
    </ClCompile>
    <ClCompile Include="ImportantLua\lundump.c">
      <Filter>ImportantLua</Filter>
    </ClCompile>
    <ClCompile Include="ImportantLua\lvm.c">
      <Filter>ImportantLua</Filter>
    </ClCompile>
    <ClCompile Include="ImportantLua\lzio.c">
      <Filter>ImportantLua</Filter>
    </ClCompile>
    <ClCompile Include="ImportantLua\lapi.c">
      <Filter>ImportantLua</Filter>
    </ClCompile>
    <ClCompile Include="ImportantLua\lauxlib.c">
      <Filter>ImportantLua</Filter>
    </ClCompile>
    <ClCompile Include="ImportantLua\lbaselib.c">
      <Filter>ImportantLua</Filter>
    </ClCompile>
    <ClCompile Include="ImportantLua\lcode.c">
      <Filter>ImportantLua</Filter>
    </ClCompile>
  </ItemGroup>
</Project>